
Microsoft Visual Studio Solution File, Format Version 12.00
# Visual Studio Version 16
VisualStudioVersion = 16.0.29920.165
MinimumVisualStudioVersion = 10.0.40219.1
Project("{FAE04EC0-301F-11D3-BF4B-00C04F79EFBC}") = "Clase_01", "Clase_01\Clase_01.csproj", "{61C9C4F2-F234-4596-AA45-0352A1E05021}"
EndProject
Project("{FAE04EC0-301F-11D3-BF4B-00C04F79EFBC}") = "ClassLibrary_01", "ClassLibrary_01\ClassLibrary_01.csproj", "{10C497B1-DE03-413A-A67A-532445611AE3}"
EndProject
Global
	GlobalSection(SolutionConfigurationPlatforms) = preSolution
		Debug|Any CPU = Debug|Any CPU
		Release|Any CPU = Release|Any CPU
	EndGlobalSection
	GlobalSection(ProjectConfigurationPlatforms) = postSolution
		{61C9C4F2-F234-4596-AA45-0352A1E05021}.Debug|Any CPU.ActiveCfg = Debug|Any CPU
		{61C9C4F2-F234-4596-AA45-0352A1E05021}.Debug|Any CPU.Build.0 = Debug|Any CPU
		{61C9C4F2-F234-4596-AA45-0352A1E05021}.Release|Any CPU.ActiveCfg = Release|Any CPU
		{61C9C4F2-F234-4596-AA45-0352A1E05021}.Release|Any CPU.Build.0 = Release|Any CPU
		{10C497B1-DE03-413A-A67A-532445611AE3}.Debug|Any CPU.ActiveCfg = Debug|Any CPU
		{10C497B1-DE03-413A-A67A-532445611AE3}.Debug|Any CPU.Build.0 = Debug|Any CPU
		{10C497B1-DE03-413A-A67A-532445611AE3}.Release|Any CPU.ActiveCfg = Release|Any CPU
		{10C497B1-DE03-413A-A67A-532445611AE3}.Release|Any CPU.Build.0 = Release|Any CPU
	EndGlobalSection
	GlobalSection(SolutionProperties) = preSolution
		HideSolutionNode = FALSE
	EndGlobalSection
	GlobalSection(ExtensibilityGlobals) = postSolution
		SolutionGuid = {15859442-CCA3-4176-9B3A-B998992938FC}
	EndGlobalSection
EndGlobal
